// !$*UTF8*$!
{
	archiveVersion = 1;
	classes = {
	};
	objectVersion = 46;
	objects = {

/* Begin PBXBuildFile section */
		04468CBD16C2D804005E2994 /* UIKit.framework in Frameworks */ = {isa = PBXBuildFile; fileRef = 04468CBC16C2D804005E2994 /* UIKit.framework */; };
		04468CBF16C2D804005E2994 /* Foundation.framework in Frameworks */ = {isa = PBXBuildFile; fileRef = 04468CBE16C2D804005E2994 /* Foundation.framework */; };
		04468CC116C2D804005E2994 /* CoreGraphics.framework in Frameworks */ = {isa = PBXBuildFile; fileRef = 04468CC016C2D804005E2994 /* CoreGraphics.framework */; };
		04468CC716C2D804005E2994 /* InfoPlist.strings in Resources */ = {isa = PBXBuildFile; fileRef = 04468CC516C2D804005E2994 /* InfoPlist.strings */; };
		04468CC916C2D804005E2994 /* main.m in Sources */ = {isa = PBXBuildFile; fileRef = 04468CC816C2D804005E2994 /* main.m */; };
		04468CCD16C2D804005E2994 /* AFAppDelegate.m in Sources */ = {isa = PBXBuildFile; fileRef = 04468CCC16C2D804005E2994 /* AFAppDelegate.m */; };
		04468CCF16C2D804005E2994 /* Default.png in Resources */ = {isa = PBXBuildFile; fileRef = 04468CCE16C2D804005E2994 /* Default.png */; };
		04468CD116C2D804005E2994 /* Default@2x.png in Resources */ = {isa = PBXBuildFile; fileRef = 04468CD016C2D804005E2994 /* Default@2x.png */; };
		04468CD316C2D804005E2994 /* Default-568h@2x.png in Resources */ = {isa = PBXBuildFile; fileRef = 04468CD216C2D804005E2994 /* Default-568h@2x.png */; };
		04468CD616C2D804005E2994 /* AFViewController.m in Sources */ = {isa = PBXBuildFile; fileRef = 04468CD516C2D804005E2994 /* AFViewController.m */; };
		04468CD916C2D804005E2994 /* AFViewController.xib in Resources */ = {isa = PBXBuildFile; fileRef = 04468CD716C2D804005E2994 /* AFViewController.xib */; };
		04468CE416C40AE3005E2994 /* FPWindow.m in Sources */ = {isa = PBXBuildFile; fileRef = 04468CE316C40AE3005E2994 /* FPWindow.m */; };
		04468CEB16C43FAB005E2994 /* FingerPrint.png in Resources */ = {isa = PBXBuildFile; fileRef = 04468CE916C43FAB005E2994 /* FingerPrint.png */; };
		04468CEC16C43FAB005E2994 /* FingerPrint@2x.png in Resources */ = {isa = PBXBuildFile; fileRef = 04468CEA16C43FAB005E2994 /* FingerPrint@2x.png */; };
		04468CEE16C43FD9005E2994 /* QuartzCore.framework in Frameworks */ = {isa = PBXBuildFile; fileRef = 04468CED16C43FD9005E2994 /* QuartzCore.framework */; };
/* End PBXBuildFile section */

/* Begin PBXFileReference section */
		04468CB816C2D804005E2994 /* FingerPrints.app */ = {isa = PBXFileReference; explicitFileType = wrapper.application; includeInIndex = 0; path = FingerPrints.app; sourceTree = BUILT_PRODUCTS_DIR; };
		04468CBC16C2D804005E2994 /* UIKit.framework */ = {isa = PBXFileReference; lastKnownFileType = wrapper.framework; name = UIKit.framework; path = System/Library/Frameworks/UIKit.framework; sourceTree = SDKROOT; };
		04468CBE16C2D804005E2994 /* Foundation.framework */ = {isa = PBXFileReference; lastKnownFileType = wrapper.framework; name = Foundation.framework; path = System/Library/Frameworks/Foundation.framework; sourceTree = SDKROOT; };
		04468CC016C2D804005E2994 /* CoreGraphics.framework */ = {isa = PBXFileReference; lastKnownFileType = wrapper.framework; name = CoreGraphics.framework; path = System/Library/Frameworks/CoreGraphics.framework; sourceTree = SDKROOT; };
		04468CC416C2D804005E2994 /* FingerPrints-Info.plist */ = {isa = PBXFileReference; lastKnownFileType = text.plist.xml; path = "FingerPrints-Info.plist"; sourceTree = "<group>"; };
		04468CC616C2D804005E2994 /* en */ = {isa = PBXFileReference; lastKnownFileType = text.plist.strings; name = en; path = en.lproj/InfoPlist.strings; sourceTree = "<group>"; };
		04468CC816C2D804005E2994 /* main.m */ = {isa = PBXFileReference; lastKnownFileType = sourcecode.c.objc; path = main.m; sourceTree = "<group>"; };
		04468CCA16C2D804005E2994 /* FingerPrints-Prefix.pch */ = {isa = PBXFileReference; lastKnownFileType = sourcecode.c.h; path = "FingerPrints-Prefix.pch"; sourceTree = "<group>"; };
		04468CCB16C2D804005E2994 /* AFAppDelegate.h */ = {isa = PBXFileReference; lastKnownFileType = sourcecode.c.h; lineEnding = 0; path = AFAppDelegate.h; sourceTree = "<group>"; xcLanguageSpecificationIdentifier = xcode.lang.objcpp; };
		04468CCC16C2D804005E2994 /* AFAppDelegate.m */ = {isa = PBXFileReference; lastKnownFileType = sourcecode.c.objc; lineEnding = 0; path = AFAppDelegate.m; sourceTree = "<group>"; xcLanguageSpecificationIdentifier = xcode.lang.objc; };
		04468CCE16C2D804005E2994 /* Default.png */ = {isa = PBXFileReference; lastKnownFileType = image.png; path = Default.png; sourceTree = "<group>"; };
		04468CD016C2D804005E2994 /* Default@2x.png */ = {isa = PBXFileReference; lastKnownFileType = image.png; path = "Default@2x.png"; sourceTree = "<group>"; };
		04468CD216C2D804005E2994 /* Default-568h@2x.png */ = {isa = PBXFileReference; lastKnownFileType = image.png; path = "Default-568h@2x.png"; sourceTree = "<group>"; };
		04468CD416C2D804005E2994 /* AFViewController.h */ = {isa = PBXFileReference; lastKnownFileType = sourcecode.c.h; lineEnding = 0; path = AFViewController.h; sourceTree = "<group>"; xcLanguageSpecificationIdentifier = xcode.lang.objcpp; };
		04468CD516C2D804005E2994 /* AFViewController.m */ = {isa = PBXFileReference; lastKnownFileType = sourcecode.c.objc; lineEnding = 0; path = AFViewController.m; sourceTree = "<group>"; xcLanguageSpecificationIdentifier = xcode.lang.objc; };
		04468CD816C2D804005E2994 /* en */ = {isa = PBXFileReference; lastKnownFileType = file.xib; name = en; path = en.lproj/AFViewController.xib; sourceTree = "<group>"; };
		04468CE216C40AE3005E2994 /* FPWindow.h */ = {isa = PBXFileReference; fileEncoding = 4; lastKnownFileType = sourcecode.c.h; lineEnding = 0; path = FPWindow.h; sourceTree = "<group>"; xcLanguageSpecificationIdentifier = xcode.lang.objcpp; };
		04468CE316C40AE3005E2994 /* FPWindow.m */ = {isa = PBXFileReference; fileEncoding = 4; lastKnownFileType = sourcecode.c.objc; path = FPWindow.m; sourceTree = "<group>"; };
		04468CE916C43FAB005E2994 /* FingerPrint.png */ = {isa = PBXFileReference; lastKnownFileType = image.png; path = FingerPrint.png; sourceTree = "<group>"; };
		04468CEA16C43FAB005E2994 /* FingerPrint@2x.png */ = {isa = PBXFileReference; lastKnownFileType = image.png; path = "FingerPrint@2x.png"; sourceTree = "<group>"; };
		04468CED16C43FD9005E2994 /* QuartzCore.framework */ = {isa = PBXFileReference; lastKnownFileType = wrapper.framework; name = QuartzCore.framework; path = System/Library/Frameworks/QuartzCore.framework; sourceTree = SDKROOT; };
/* End PBXFileReference section */

/* Begin PBXFrameworksBuildPhase section */
		04468CB516C2D804005E2994 /* Frameworks */ = {
			isa = PBXFrameworksBuildPhase;
			buildActionMask = 2147483647;
			files = (
				04468CEE16C43FD9005E2994 /* QuartzCore.framework in Frameworks */,
				04468CBD16C2D804005E2994 /* UIKit.framework in Frameworks */,
				04468CBF16C2D804005E2994 /* Foundation.framework in Frameworks */,
				04468CC116C2D804005E2994 /* CoreGraphics.framework in Frameworks */,
			);
			runOnlyForDeploymentPostprocessing = 0;
		};
/* End PBXFrameworksBuildPhase section */

/* Begin PBXGroup section */
		04468CAD16C2D804005E2994 = {
			isa = PBXGroup;
			children = (
				04468CC216C2D804005E2994 /* FingerPrint */,
				04468CBB16C2D804005E2994 /* Frameworks */,
				04468CB916C2D804005E2994 /* Products */,
			);
			sourceTree = "<group>";
		};
		04468CB916C2D804005E2994 /* Products */ = {
			isa = PBXGroup;
			children = (
				04468CB816C2D804005E2994 /* FingerPrints.app */,
			);
			name = Products;
			sourceTree = "<group>";
		};
		04468CBB16C2D804005E2994 /* Frameworks */ = {
			isa = PBXGroup;
			children = (
				04468CED16C43FD9005E2994 /* QuartzCore.framework */,
				04468CBC16C2D804005E2994 /* UIKit.framework */,
				04468CBE16C2D804005E2994 /* Foundation.framework */,
				04468CC016C2D804005E2994 /* CoreGraphics.framework */,
			);
			name = Frameworks;
			sourceTree = "<group>";
		};
		04468CC216C2D804005E2994 /* FingerPrint */ = {
			isa = PBXGroup;
			children = (
				04468CCB16C2D804005E2994 /* AFAppDelegate.h */,
				04468CCC16C2D804005E2994 /* AFAppDelegate.m */,
				04468CD416C2D804005E2994 /* AFViewController.h */,
				04468CD516C2D804005E2994 /* AFViewController.m */,
				04468CD716C2D804005E2994 /* AFViewController.xib */,
				04468CC316C2D804005E2994 /* Supporting Files */,
				04468CF416C4475A005E2994 /* FingerPrints */,
			);
			name = FingerPrint;
			path = FingerPrints;
			sourceTree = "<group>";
		};
		04468CC316C2D804005E2994 /* Supporting Files */ = {
			isa = PBXGroup;
			children = (
				04468CC416C2D804005E2994 /* FingerPrints-Info.plist */,
				04468CC516C2D804005E2994 /* InfoPlist.strings */,
				04468CC816C2D804005E2994 /* main.m */,
				04468CCA16C2D804005E2994 /* FingerPrints-Prefix.pch */,
				04468CCE16C2D804005E2994 /* Default.png */,
				04468CD016C2D804005E2994 /* Default@2x.png */,
				04468CD216C2D804005E2994 /* Default-568h@2x.png */,
			);
			name = "Supporting Files";
			sourceTree = "<group>";
		};
		04468CF416C4475A005E2994 /* FingerPrints */ = {
			isa = PBXGroup;
			children = (
				04468CE916C43FAB005E2994 /* FingerPrint.png */,
				04468CEA16C43FAB005E2994 /* FingerPrint@2x.png */,
				04468CE216C40AE3005E2994 /* FPWindow.h */,
				04468CE316C40AE3005E2994 /* FPWindow.m */,
			);
			name = FingerPrints;
			sourceTree = "<group>";
		};
/* End PBXGroup section */

/* Begin PBXNativeTarget section */
		04468CB716C2D804005E2994 /* FingerPrints */ = {
			isa = PBXNativeTarget;
			buildConfigurationList = 04468CDC16C2D804005E2994 /* Build configuration list for PBXNativeTarget "FingerPrints" */;
			buildPhases = (
				04468CB416C2D804005E2994 /* Sources */,
				04468CB516C2D804005E2994 /* Frameworks */,
				04468CB616C2D804005E2994 /* Resources */,
			);
			buildRules = (
			);
			dependencies = (
			);
			name = FingerPrints;
			productName = FingerPrints;
			productReference = 04468CB816C2D804005E2994 /* FingerPrints.app */;
			productType = "com.apple.product-type.application";
		};
/* End PBXNativeTarget section */

/* Begin PBXProject section */
		04468CAF16C2D804005E2994 /* Project object */ = {
			isa = PBXProject;
			attributes = {
				CLASSPREFIX = AF;
				LastUpgradeCheck = 0450;
				ORGANIZATIONNAME = "Peter McCurrach";
			};
			buildConfigurationList = 04468CB216C2D804005E2994 /* Build configuration list for PBXProject "FingerPrints" */;
			compatibilityVersion = "Xcode 3.2";
			developmentRegion = English;
			hasScannedForEncodings = 0;
			knownRegions = (
				en,
			);
			mainGroup = 04468CAD16C2D804005E2994;
			productRefGroup = 04468CB916C2D804005E2994 /* Products */;
			projectDirPath = "";
			projectRoot = "";
			targets = (
				04468CB716C2D804005E2994 /* FingerPrints */,
			);
		};
/* End PBXProject section */

/* Begin PBXResourcesBuildPhase section */
		04468CB616C2D804005E2994 /* Resources */ = {
			isa = PBXResourcesBuildPhase;
			buildActionMask = 2147483647;
			files = (
				04468CC716C2D804005E2994 /* InfoPlist.strings in Resources */,
				04468CCF16C2D804005E2994 /* Default.png in Resources */,
				04468CD116C2D804005E2994 /* Default@2x.png in Resources */,
				04468CD316C2D804005E2994 /* Default-568h@2x.png in Resources */,
				04468CD916C2D804005E2994 /* AFViewController.xib in Resources */,
				04468CEB16C43FAB005E2994 /* FingerPrint.png in Resources */,
				04468CEC16C43FAB005E2994 /* FingerPrint@2x.png in Resources */,
			);
			runOnlyForDeploymentPostprocessing = 0;
		};
/* End PBXResourcesBuildPhase section */

/* Begin PBXSourcesBuildPhase section */
		04468CB416C2D804005E2994 /* Sources */ = {
			isa = PBXSourcesBuildPhase;
			buildActionMask = 2147483647;
			files = (
				04468CC916C2D804005E2994 /* main.m in Sources */,
				04468CCD16C2D804005E2994 /* AFAppDelegate.m in Sources */,
				04468CD616C2D804005E2994 /* AFViewController.m in Sources */,
				04468CE416C40AE3005E2994 /* FPWindow.m in Sources */,
			);
			runOnlyForDeploymentPostprocessing = 0;
		};
/* End PBXSourcesBuildPhase section */

/* Begin PBXVariantGroup section */
		04468CC516C2D804005E2994 /* InfoPlist.strings */ = {
			isa = PBXVariantGroup;
			children = (
				04468CC616C2D804005E2994 /* en */,
			);
			name = InfoPlist.strings;
			sourceTree = "<group>";
		};
		04468CD716C2D804005E2994 /* AFViewController.xib */ = {
			isa = PBXVariantGroup;
			children = (
				04468CD816C2D804005E2994 /* en */,
			);
			name = AFViewController.xib;
			sourceTree = "<group>";
		};
/* End PBXVariantGroup section */

/* Begin XCBuildConfiguration section */
		04468CDA16C2D804005E2994 /* Debug */ = {
			isa = XCBuildConfiguration;
			buildSettings = {
				ALWAYS_SEARCH_USER_PATHS = NO;
				CLANG_CXX_LANGUAGE_STANDARD = "gnu++0x";
				CLANG_CXX_LIBRARY = "libc++";
				CLANG_WARN_EMPTY_BODY = YES;
				CLANG_WARN__DUPLICATE_METHOD_MATCH = YES;
				"CODE_SIGN_IDENTITY[sdk=iphoneos*]" = "iPhone Developer";
				COPY_PHASE_STRIP = NO;
				GCC_C_LANGUAGE_STANDARD = gnu99;
				GCC_DYNAMIC_NO_PIC = NO;
				GCC_OPTIMIZATION_LEVEL = 0;
				GCC_PREPROCESSOR_DEFINITIONS = (
					"DEBUG=1",
					"$(inherited)",
				);
				GCC_SYMBOLS_PRIVATE_EXTERN = NO;
				GCC_WARN_ABOUT_RETURN_TYPE = YES;
				GCC_WARN_UNINITIALIZED_AUTOS = YES;
				GCC_WARN_UNUSED_VARIABLE = YES;
				IPHONEOS_DEPLOYMENT_TARGET = 6.0;
				ONLY_ACTIVE_ARCH = YES;
				SDKROOT = iphoneos;
			};
			name = Debug;
		};
		04468CDB16C2D804005E2994 /* Release */ = {
			isa = XCBuildConfiguration;
			buildSettings = {
				ALWAYS_SEARCH_USER_PATHS = NO;
				CLANG_CXX_LANGUAGE_STANDARD = "gnu++0x";
				CLANG_CXX_LIBRARY = "libc++";
				CLANG_WARN_EMPTY_BODY = YES;
				CLANG_WARN__DUPLICATE_METHOD_MATCH = YES;
				"CODE_SIGN_IDENTITY[sdk=iphoneos*]" = "iPhone Developer";
				COPY_PHASE_STRIP = YES;
				GCC_C_LANGUAGE_STANDARD = gnu99;
				GCC_WARN_ABOUT_RETURN_TYPE = YES;
				GCC_WARN_UNINITIALIZED_AUTOS = YES;
				GCC_WARN_UNUSED_VARIABLE = YES;
				IPHONEOS_DEPLOYMENT_TARGET = 6.0;
				OTHER_CFLAGS = "-DNS_BLOCK_ASSERTIONS=1";
				SDKROOT = iphoneos;
				VALIDATE_PRODUCT = YES;
			};
			name = Release;
		};
		04468CDD16C2D804005E2994 /* Debug */ = {
			isa = XCBuildConfiguration;
			buildSettings = {
				GCC_PRECOMPILE_PREFIX_HEADER = YES;
				GCC_PREFIX_HEADER = "FingerPrints/FingerPrints-Prefix.pch";
				INFOPLIST_FILE = "$(SRCROOT)/FingerPrints/FingerPrints-Info.plist";
				ONLY_ACTIVE_ARCH = NO;
				PRODUCT_NAME = "$(TARGET_NAME)";
				WRAPPER_EXTENSION = app;
			};
			name = Debug;
		};
		04468CDE16C2D804005E2994 /* Release */ = {
			isa = XCBuildConfiguration;
			buildSettings = {
				GCC_PRECOMPILE_PREFIX_HEADER = YES;
				GCC_PREFIX_HEADER = "FingerPrints/FingerPrints-Prefix.pch";
				INFOPLIST_FILE = "$(SRCROOT)/FingerPrints/FingerPrints-Info.plist";
				PRODUCT_NAME = "$(TARGET_NAME)";
				WRAPPER_EXTENSION = app;
			};
			name = Release;
		};
/* End XCBuildConfiguration section */

/* Begin XCConfigurationList section */
		04468CB216C2D804005E2994 /* Build configuration list for PBXProject "FingerPrints" */ = {
			isa = XCConfigurationList;
			buildConfigurations = (
				04468CDA16C2D804005E2994 /* Debug */,
				04468CDB16C2D804005E2994 /* Release */,
			);
			defaultConfigurationIsVisible = 0;
			defaultConfigurationName = Release;
		};
		04468CDC16C2D804005E2994 /* Build configuration list for PBXNativeTarget "FingerPrints" */ = {
			isa = XCConfigurationList;
			buildConfigurations = (
				04468CDD16C2D804005E2994 /* Debug */,
				04468CDE16C2D804005E2994 /* Release */,
			);
			defaultConfigurationIsVisible = 0;
			defaultConfigurationName = Release;
		};
/* End XCConfigurationList section */
	};
	rootObject = 04468CAF16C2D804005E2994 /* Project object */;
}
